
Microsoft Visual Studio Solution File, Format Version 12.00
# Visual Studio Version 17
VisualStudioVersion = 17.9.34723.18
MinimumVisualStudioVersion = 10.0.40219.1
Project("{FAE04EC0-301F-11D3-BF4B-00C04F79EFBC}") = "BraceletEmpire.Server", "BraceletEmpire.Server\BraceletEmpire.Server.csproj", "{BE2F868B-D8D2-4797-BFD2-40191049E747}"
EndProject
Project("{54A90642-561A-4BB1-A94E-469ADEE60C69}") = "braceletempire.client", "braceletempire.client\braceletempire.client.esproj", "{4842A74C-C107-4B90-9F5E-366E98D0327F}"
EndProject
Global
	GlobalSection(SolutionConfigurationPlatforms) = preSolution
		Debug|Any CPU = Debug|Any CPU
		Release|Any CPU = Release|Any CPU
	EndGlobalSection
	GlobalSection(ProjectConfigurationPlatforms) = postSolution
		{BE2F868B-D8D2-4797-BFD2-40191049E747}.Debug|Any CPU.ActiveCfg = Debug|Any CPU
		{BE2F868B-D8D2-4797-BFD2-40191049E747}.Debug|Any CPU.Build.0 = Debug|Any CPU
		{BE2F868B-D8D2-4797-BFD2-40191049E747}.Release|Any CPU.ActiveCfg = Release|Any CPU
		{BE2F868B-D8D2-4797-BFD2-40191049E747}.Release|Any CPU.Build.0 = Release|Any CPU
		{4842A74C-C107-4B90-9F5E-366E98D0327F}.Debug|Any CPU.ActiveCfg = Debug|Any CPU
		{4842A74C-C107-4B90-9F5E-366E98D0327F}.Debug|Any CPU.Build.0 = Debug|Any CPU
		{4842A74C-C107-4B90-9F5E-366E98D0327F}.Debug|Any CPU.Deploy.0 = Debug|Any CPU
		{4842A74C-C107-4B90-9F5E-366E98D0327F}.Release|Any CPU.ActiveCfg = Release|Any CPU
		{4842A74C-C107-4B90-9F5E-366E98D0327F}.Release|Any CPU.Build.0 = Release|Any CPU
		{4842A74C-C107-4B90-9F5E-366E98D0327F}.Release|Any CPU.Deploy.0 = Release|Any CPU
	EndGlobalSection
	GlobalSection(SolutionProperties) = preSolution
		HideSolutionNode = FALSE
	EndGlobalSection
	GlobalSection(ExtensibilityGlobals) = postSolution
		SolutionGuid = {4BEB82A9-E683-48BD-B736-B611B0E9CCF4}
	EndGlobalSection
EndGlobal
